
Microsoft Visual Studio Solution File, Format Version 12.00
# Visual Studio Version 17
VisualStudioVersion = 17.12.35209.166
MinimumVisualStudioVersion = 10.0.40219.1
Project("{FAE04EC0-301F-11D3-BF4B-00C04F79EFBC}") = "OpenApI_b3", "OpenApI_b3\OpenApI_b3.csproj", "{C76BD28F-818D-456F-8D34-7F26BA27025F}"
EndProject
Global
	GlobalSection(SolutionConfigurationPlatforms) = preSolution
		Debug|Any CPU = Debug|Any CPU
		Release|Any CPU = Release|Any CPU
	EndGlobalSection
	GlobalSection(ProjectConfigurationPlatforms) = postSolution
		{C76BD28F-818D-456F-8D34-7F26BA27025F}.Debug|Any CPU.ActiveCfg = Debug|Any CPU
		{C76BD28F-818D-456F-8D34-7F26BA27025F}.Debug|Any CPU.Build.0 = Debug|Any CPU
		{C76BD28F-818D-456F-8D34-7F26BA27025F}.Release|Any CPU.ActiveCfg = Release|Any CPU
		{C76BD28F-818D-456F-8D34-7F26BA27025F}.Release|Any CPU.Build.0 = Release|Any CPU
	EndGlobalSection
	GlobalSection(SolutionProperties) = preSolution
		HideSolutionNode = FALSE
	EndGlobalSection
	GlobalSection(ExtensibilityGlobals) = postSolution
		SolutionGuid = {E89D1506-4678-4FF1-B600-423BDB5E4628}
	EndGlobalSection
EndGlobal
